{
    "_meta": {
        "hash": {
            "sha256": "4be66337fb4213c1154dc8bcb3176002ff54dbce0fbf6307684078957c86bda1"
        },
        "pipfile-spec": 6,
        "requires": {
            "python_version": "3.12"
        },
        "sources": [
            {
                "name": "pypi",
                "url": "https://pypi.org/simple",
                "verify_ssl": true
            }
        ]
    },
    "default": {
        "pandas": "*"
    },
    "develop": {}
}
